
Microsoft Visual Studio Solution File, Format Version 12.00
# Visual Studio Version 17
VisualStudioVersion = 17.13.35806.99 d17.13
MinimumVisualStudioVersion = 10.0.40219.1
Project("{FAE04EC0-301F-11D3-BF4B-00C04F79EFBC}") = "RealEsateApp", "RealEsateApp\RealEsateApp.csproj", "{9DD53340-CB15-4C27-AFA4-90C845935414}"
EndProject
Global
	GlobalSection(SolutionConfigurationPlatforms) = preSolution
		Debug|Any CPU = Debug|Any CPU
		Release|Any CPU = Release|Any CPU
	EndGlobalSection
	GlobalSection(ProjectConfigurationPlatforms) = postSolution
		{9DD53340-CB15-4C27-AFA4-90C845935414}.Debug|Any CPU.ActiveCfg = Debug|Any CPU
		{9DD53340-CB15-4C27-AFA4-90C845935414}.Debug|Any CPU.Build.0 = Debug|Any CPU
		{9DD53340-CB15-4C27-AFA4-90C845935414}.Release|Any CPU.ActiveCfg = Release|Any CPU
		{9DD53340-CB15-4C27-AFA4-90C845935414}.Release|Any CPU.Build.0 = Release|Any CPU
	EndGlobalSection
	GlobalSection(SolutionProperties) = preSolution
		HideSolutionNode = FALSE
	EndGlobalSection
	GlobalSection(ExtensibilityGlobals) = postSolution
		SolutionGuid = {9AAB962B-8FBB-434D-9FEC-F79A3BDC8507}
	EndGlobalSection
EndGlobal
